# THIS IS AN AUTOGENERATED FILE. DO NOT EDIT THIS FILE DIRECTLY.
# yarn lockfile v1


snabbdom@^3.6.2:
  version "3.6.2"
  resolved "https://registry.yarnpkg.com/snabbdom/-/snabbdom-3.6.2.tgz#57dd66878f6320497fa7f67941df356a045c75a1"
  integrity sha512-ig5qOnCDbugFntKi6c7Xlib8bA6xiJVk8O+WdFrV3wxbMqeHO0hXFQC4nAhPVWfZfi8255lcZkNhtIBINCc4+Q==
